{
  "originHash" : "4c3193b6c3226864f2e6f527a2e8cfa8301ceda0bdafc76bb44bb5318feb5e42",
  "pins" : [
    {
      "identity" : "machokit",
      "kind" : "remoteSourceControl",
      "location" : "https://github.com/p-x9/MachOKit.git",
      "state" : {
        "revision" : "5458fc568b2d8542c3cac60bba519bf7db9c254b",
        "version" : "0.31.0"
      }
    }
  ],
  "version" : 3
}
