{
  "originHash" : "2869c5ecb0cb0ae0d5a25fabeb9ddc6b6fa13f773fa028f92a0c2547609ee1a7",
  "pins" : [
    {
      "identity" : "cwldemangle",
      "kind" : "remoteSourceControl",
      "location" : "https://github.com/mattgallagher/CwlDemangle",
      "state" : {
        "branch" : "master",
        "revision" : "6bfc351bd08d7a1805234b9ba698f8381d2df08e"
      }
    },
    {
      "identity" : "machokit",
      "kind" : "remoteSourceControl",
      "location" : "https://github.com/p-x9/MachOKit.git",
      "state" : {
        "revision" : "5458fc568b2d8542c3cac60bba519bf7db9c254b",
        "version" : "0.31.0"
      }
    }
  ],
  "version" : 3
}
